
Microsoft Visual Studio Solution File, Format Version 12.00
# Visual Studio 15
VisualStudioVersion = 15.0.27703.2035
MinimumVisualStudioVersion = 10.0.40219.1
Project("{FAE04EC0-301F-11D3-BF4B-00C04F79EFBC}") = "CorrecaoProva_2TRI", "CorrecaoProva_2TRI\CorrecaoProva_2TRI.csproj", "{E9ED1C78-5822-4C65-90E1-B63772CAD505}"
EndProject
Global
	GlobalSection(SolutionConfigurationPlatforms) = preSolution
		Debug|Any CPU = Debug|Any CPU
		Release|Any CPU = Release|Any CPU
	EndGlobalSection
	GlobalSection(ProjectConfigurationPlatforms) = postSolution
		{E9ED1C78-5822-4C65-90E1-B63772CAD505}.Debug|Any CPU.ActiveCfg = Debug|Any CPU
		{E9ED1C78-5822-4C65-90E1-B63772CAD505}.Debug|Any CPU.Build.0 = Debug|Any CPU
		{E9ED1C78-5822-4C65-90E1-B63772CAD505}.Release|Any CPU.ActiveCfg = Release|Any CPU
		{E9ED1C78-5822-4C65-90E1-B63772CAD505}.Release|Any CPU.Build.0 = Release|Any CPU
	EndGlobalSection
	GlobalSection(SolutionProperties) = preSolution
		HideSolutionNode = FALSE
	EndGlobalSection
	GlobalSection(ExtensibilityGlobals) = postSolution
		SolutionGuid = {BC65C7FF-7D0D-4C1B-A12D-7ECA52CBB9EB}
	EndGlobalSection
EndGlobal
